github.com/emersion/go-msgauth v0.7.0 h1:vj2hMn6KhFtW41kshIBTXvp6KgYSqpA/ZN9Pv4g1INc=
github.com/emersion/go-msgauth v0.7.0/go.mod h1:mmS9I6HkSovrNgq0HNXTeu8l3sRAAuQ9RMvbM4KU7Ck=
github.com/mattn/go-sqlite3 v1.14.44 h1:3VSe+xafpbzsLbdr2AWlAZk9yRHiBhTBakioXaCKTF8=
github.com/mattn/go-sqlite3 v1.14.44/go.mod h1:pjEuOr8IwzLJP2MfGeTb0A35jauH+C2kbHKBr7yXKVQ=
golang.org/x/crypto v0.31.0 h1:ihbySMvVjLAeSH1IbfcRTkD/iNscyz8rGzjF/E5hV6U=
golang.org/x/crypto v0.31.0/go.mod h1:kDsLvtWBEx7MV9tJOj9bnXsPbxwJQ6csT/x4KIN4Ssk=
golang.org/x/net v0.33.0 h1:74SYHlV8BIgHIFC/LrYkOGIwL19eTYXQ5wc6TBuO36I=
golang.org/x/net v0.33.0/go.mod h1:HXLR5J+9DxmrqMwG9qjGCxZ+zKXxBru04zlTvWlWuN4=
golang.org/x/text v0.21.0 h1:zyQAAkrwaneQ066sspRyJaG9VNi/YJ1NfzcGB3hZ/qo=
golang.org/x/text v0.21.0/go.mod h1:4IBbMaMmOPCJ8SecivzSH54+73PCFmPWxNTLm+vZkEQ=
